
Microsoft Visual Studio Solution File, Format Version 12.00
# Visual Studio Version 17
VisualStudioVersion = 17.0.31903.59
MinimumVisualStudioVersion = 10.0.40219.1
Project("{2150E333-8FDC-42A3-9474-1A3956D46DE8}") = "src", "src", "{2BF1A254-415E-4A1A-B544-59BA639EAAAE}"
EndProject
Project("{FAE04EC0-301F-11D3-BF4B-00C04F79EFBC}") = "CPMM2067.App", "src\CPMM2067.App\CPMM2067.App.csproj", "{598AE6A3-A9F2-4EF7-97E8-8F166AD8E19D}"
EndProject
Project("{FAE04EC0-301F-11D3-BF4B-00C04F79EFBC}") = "CPMM2067.Archives", "src\CPMM2067.Archives\CPMM2067.Archives.csproj", "{4DE64529-B3E1-4622-BDE9-0241FDA2A63D}"
EndProject
Project("{FAE04EC0-301F-11D3-BF4B-00C04F79EFBC}") = "CPMM2067.Backup", "src\CPMM2067.Backup\CPMM2067.Backup.csproj", "{850049A9-6065-4B79-B884-44B416DBBA72}"
EndProject
Project("{FAE04EC0-301F-11D3-BF4B-00C04F79EFBC}") = "CPMM2067.Compat", "src\CPMM2067.Compat\CPMM2067.Compat.csproj", "{4C3E89F5-6486-4C0A-9C93-2D3599F990E0}"
EndProject
Project("{FAE04EC0-301F-11D3-BF4B-00C04F79EFBC}") = "CPMM2067.Conflicts", "src\CPMM2067.Conflicts\CPMM2067.Conflicts.csproj", "{0B249A8A-971D-4AE1-940E-FEC5F0887B3B}"
EndProject
Project("{FAE04EC0-301F-11D3-BF4B-00C04F79EFBC}") = "CPMM2067.Core", "src\CPMM2067.Core\CPMM2067.Core.csproj", "{261C52D9-29D8-438B-A663-B59A6DE8489C}"
EndProject
Project("{FAE04EC0-301F-11D3-BF4B-00C04F79EFBC}") = "CPMM2067.Diagnostics", "src\CPMM2067.Diagnostics\CPMM2067.Diagnostics.csproj", "{009EBD50-5F9E-4699-81DC-70341E1BEB36}"
EndProject
Project("{FAE04EC0-301F-11D3-BF4B-00C04F79EFBC}") = "CPMM2067.Frameworks", "src\CPMM2067.Frameworks\CPMM2067.Frameworks.csproj", "{E795694A-9450-4996-BCFB-84DFB6B66069}"
EndProject
Project("{FAE04EC0-301F-11D3-BF4B-00C04F79EFBC}") = "CPMM2067.GameDetect", "src\CPMM2067.GameDetect\CPMM2067.GameDetect.csproj", "{99009E57-4DD2-42E4-BF61-D811B4E6F33F}"
EndProject
Project("{FAE04EC0-301F-11D3-BF4B-00C04F79EFBC}") = "CPMM2067.Launch", "src\CPMM2067.Launch\CPMM2067.Launch.csproj", "{7E3D4023-0B88-4D2A-9766-94229F5FE824}"
EndProject
Project("{FAE04EC0-301F-11D3-BF4B-00C04F79EFBC}") = "CPMM2067.Nexus", "src\CPMM2067.Nexus\CPMM2067.Nexus.csproj", "{CB042348-E60A-48AA-85DC-2B6CB0393471}"
EndProject
Project("{FAE04EC0-301F-11D3-BF4B-00C04F79EFBC}") = "CPMM2067.Saves", "src\CPMM2067.Saves\CPMM2067.Saves.csproj", "{298A32F7-0982-4BA1-84DB-61C83EA5AEAC}"
EndProject
Project("{FAE04EC0-301F-11D3-BF4B-00C04F79EFBC}") = "CPMM2067.Update", "src\CPMM2067.Update\CPMM2067.Update.csproj", "{B3C90E35-D8C9-45C2-B92F-3AD342726529}"
EndProject
Project("{2150E333-8FDC-42A3-9474-1A3956D46DE8}") = "tests", "tests", "{B27A2629-B47E-49D5-B9EC-E5EC95D7FF0C}"
EndProject
Project("{FAE04EC0-301F-11D3-BF4B-00C04F79EFBC}") = "CPMM2067.Tests", "tests\CPMM2067.Tests\CPMM2067.Tests.csproj", "{F7E1397B-502F-4E40-A290-FD0400AD8638}"
EndProject
Global
	GlobalSection(SolutionConfigurationPlatforms) = preSolution
		Debug|Any CPU = Debug|Any CPU
		Release|Any CPU = Release|Any CPU
	EndGlobalSection
	GlobalSection(SolutionProperties) = preSolution
		HideSolutionNode = FALSE
	EndGlobalSection
	GlobalSection(ProjectConfigurationPlatforms) = postSolution
		{598AE6A3-A9F2-4EF7-97E8-8F166AD8E19D}.Debug|Any CPU.ActiveCfg = Debug|Any CPU
		{598AE6A3-A9F2-4EF7-97E8-8F166AD8E19D}.Debug|Any CPU.Build.0 = Debug|Any CPU
		{598AE6A3-A9F2-4EF7-97E8-8F166AD8E19D}.Release|Any CPU.ActiveCfg = Release|Any CPU
		{598AE6A3-A9F2-4EF7-97E8-8F166AD8E19D}.Release|Any CPU.Build.0 = Release|Any CPU
		{4DE64529-B3E1-4622-BDE9-0241FDA2A63D}.Debug|Any CPU.ActiveCfg = Debug|Any CPU
		{4DE64529-B3E1-4622-BDE9-0241FDA2A63D}.Debug|Any CPU.Build.0 = Debug|Any CPU
		{4DE64529-B3E1-4622-BDE9-0241FDA2A63D}.Release|Any CPU.ActiveCfg = Release|Any CPU
		{4DE64529-B3E1-4622-BDE9-0241FDA2A63D}.Release|Any CPU.Build.0 = Release|Any CPU
		{850049A9-6065-4B79-B884-44B416DBBA72}.Debug|Any CPU.ActiveCfg = Debug|Any CPU
		{850049A9-6065-4B79-B884-44B416DBBA72}.Debug|Any CPU.Build.0 = Debug|Any CPU
		{850049A9-6065-4B79-B884-44B416DBBA72}.Release|Any CPU.ActiveCfg = Release|Any CPU
		{850049A9-6065-4B79-B884-44B416DBBA72}.Release|Any CPU.Build.0 = Release|Any CPU
		{4C3E89F5-6486-4C0A-9C93-2D3599F990E0}.Debug|Any CPU.ActiveCfg = Debug|Any CPU
		{4C3E89F5-6486-4C0A-9C93-2D3599F990E0}.Debug|Any CPU.Build.0 = Debug|Any CPU
		{4C3E89F5-6486-4C0A-9C93-2D3599F990E0}.Release|Any CPU.ActiveCfg = Release|Any CPU
		{4C3E89F5-6486-4C0A-9C93-2D3599F990E0}.Release|Any CPU.Build.0 = Release|Any CPU
		{0B249A8A-971D-4AE1-940E-FEC5F0887B3B}.Debug|Any CPU.ActiveCfg = Debug|Any CPU
		{0B249A8A-971D-4AE1-940E-FEC5F0887B3B}.Debug|Any CPU.Build.0 = Debug|Any CPU
		{0B249A8A-971D-4AE1-940E-FEC5F0887B3B}.Release|Any CPU.ActiveCfg = Release|Any CPU
		{0B249A8A-971D-4AE1-940E-FEC5F0887B3B}.Release|Any CPU.Build.0 = Release|Any CPU
		{261C52D9-29D8-438B-A663-B59A6DE8489C}.Debug|Any CPU.ActiveCfg = Debug|Any CPU
		{261C52D9-29D8-438B-A663-B59A6DE8489C}.Debug|Any CPU.Build.0 = Debug|Any CPU
		{261C52D9-29D8-438B-A663-B59A6DE8489C}.Release|Any CPU.ActiveCfg = Release|Any CPU
		{261C52D9-29D8-438B-A663-B59A6DE8489C}.Release|Any CPU.Build.0 = Release|Any CPU
		{009EBD50-5F9E-4699-81DC-70341E1BEB36}.Debug|Any CPU.ActiveCfg = Debug|Any CPU
		{009EBD50-5F9E-4699-81DC-70341E1BEB36}.Debug|Any CPU.Build.0 = Debug|Any CPU
		{009EBD50-5F9E-4699-81DC-70341E1BEB36}.Release|Any CPU.ActiveCfg = Release|Any CPU
		{009EBD50-5F9E-4699-81DC-70341E1BEB36}.Release|Any CPU.Build.0 = Release|Any CPU
		{E795694A-9450-4996-BCFB-84DFB6B66069}.Debug|Any CPU.ActiveCfg = Debug|Any CPU
		{E795694A-9450-4996-BCFB-84DFB6B66069}.Debug|Any CPU.Build.0 = Debug|Any CPU
		{E795694A-9450-4996-BCFB-84DFB6B66069}.Release|Any CPU.ActiveCfg = Release|Any CPU
		{E795694A-9450-4996-BCFB-84DFB6B66069}.Release|Any CPU.Build.0 = Release|Any CPU
		{99009E57-4DD2-42E4-BF61-D811B4E6F33F}.Debug|Any CPU.ActiveCfg = Debug|Any CPU
		{99009E57-4DD2-42E4-BF61-D811B4E6F33F}.Debug|Any CPU.Build.0 = Debug|Any CPU
		{99009E57-4DD2-42E4-BF61-D811B4E6F33F}.Release|Any CPU.ActiveCfg = Release|Any CPU
		{99009E57-4DD2-42E4-BF61-D811B4E6F33F}.Release|Any CPU.Build.0 = Release|Any CPU
		{7E3D4023-0B88-4D2A-9766-94229F5FE824}.Debug|Any CPU.ActiveCfg = Debug|Any CPU
		{7E3D4023-0B88-4D2A-9766-94229F5FE824}.Debug|Any CPU.Build.0 = Debug|Any CPU
		{7E3D4023-0B88-4D2A-9766-94229F5FE824}.Release|Any CPU.ActiveCfg = Release|Any CPU
		{7E3D4023-0B88-4D2A-9766-94229F5FE824}.Release|Any CPU.Build.0 = Release|Any CPU
		{CB042348-E60A-48AA-85DC-2B6CB0393471}.Debug|Any CPU.ActiveCfg = Debug|Any CPU
		{CB042348-E60A-48AA-85DC-2B6CB0393471}.Debug|Any CPU.Build.0 = Debug|Any CPU
		{CB042348-E60A-48AA-85DC-2B6CB0393471}.Release|Any CPU.ActiveCfg = Release|Any CPU
		{CB042348-E60A-48AA-85DC-2B6CB0393471}.Release|Any CPU.Build.0 = Release|Any CPU
		{298A32F7-0982-4BA1-84DB-61C83EA5AEAC}.Debug|Any CPU.ActiveCfg = Debug|Any CPU
		{298A32F7-0982-4BA1-84DB-61C83EA5AEAC}.Debug|Any CPU.Build.0 = Debug|Any CPU
		{298A32F7-0982-4BA1-84DB-61C83EA5AEAC}.Release|Any CPU.ActiveCfg = Release|Any CPU
		{298A32F7-0982-4BA1-84DB-61C83EA5AEAC}.Release|Any CPU.Build.0 = Release|Any CPU
		{B3C90E35-D8C9-45C2-B92F-3AD342726529}.Debug|Any CPU.ActiveCfg = Debug|Any CPU
		{B3C90E35-D8C9-45C2-B92F-3AD342726529}.Debug|Any CPU.Build.0 = Debug|Any CPU
		{B3C90E35-D8C9-45C2-B92F-3AD342726529}.Release|Any CPU.ActiveCfg = Release|Any CPU
		{B3C90E35-D8C9-45C2-B92F-3AD342726529}.Release|Any CPU.Build.0 = Release|Any CPU
		{F7E1397B-502F-4E40-A290-FD0400AD8638}.Debug|Any CPU.ActiveCfg = Debug|Any CPU
		{F7E1397B-502F-4E40-A290-FD0400AD8638}.Debug|Any CPU.Build.0 = Debug|Any CPU
		{F7E1397B-502F-4E40-A290-FD0400AD8638}.Release|Any CPU.ActiveCfg = Release|Any CPU
		{F7E1397B-502F-4E40-A290-FD0400AD8638}.Release|Any CPU.Build.0 = Release|Any CPU
	EndGlobalSection
	GlobalSection(NestedProjects) = preSolution
		{598AE6A3-A9F2-4EF7-97E8-8F166AD8E19D} = {2BF1A254-415E-4A1A-B544-59BA639EAAAE}
		{4DE64529-B3E1-4622-BDE9-0241FDA2A63D} = {2BF1A254-415E-4A1A-B544-59BA639EAAAE}
		{850049A9-6065-4B79-B884-44B416DBBA72} = {2BF1A254-415E-4A1A-B544-59BA639EAAAE}
		{4C3E89F5-6486-4C0A-9C93-2D3599F990E0} = {2BF1A254-415E-4A1A-B544-59BA639EAAAE}
		{0B249A8A-971D-4AE1-940E-FEC5F0887B3B} = {2BF1A254-415E-4A1A-B544-59BA639EAAAE}
		{261C52D9-29D8-438B-A663-B59A6DE8489C} = {2BF1A254-415E-4A1A-B544-59BA639EAAAE}
		{009EBD50-5F9E-4699-81DC-70341E1BEB36} = {2BF1A254-415E-4A1A-B544-59BA639EAAAE}
		{E795694A-9450-4996-BCFB-84DFB6B66069} = {2BF1A254-415E-4A1A-B544-59BA639EAAAE}
		{99009E57-4DD2-42E4-BF61-D811B4E6F33F} = {2BF1A254-415E-4A1A-B544-59BA639EAAAE}
		{7E3D4023-0B88-4D2A-9766-94229F5FE824} = {2BF1A254-415E-4A1A-B544-59BA639EAAAE}
		{CB042348-E60A-48AA-85DC-2B6CB0393471} = {2BF1A254-415E-4A1A-B544-59BA639EAAAE}
		{298A32F7-0982-4BA1-84DB-61C83EA5AEAC} = {2BF1A254-415E-4A1A-B544-59BA639EAAAE}
		{B3C90E35-D8C9-45C2-B92F-3AD342726529} = {2BF1A254-415E-4A1A-B544-59BA639EAAAE}
		{F7E1397B-502F-4E40-A290-FD0400AD8638} = {B27A2629-B47E-49D5-B9EC-E5EC95D7FF0C}
	EndGlobalSection
EndGlobal
